
Microsoft Visual Studio Solution File, Format Version 12.00
# Visual Studio Version 17
VisualStudioVersion = 17.9.34728.123
MinimumVisualStudioVersion = 10.0.40219.1
Project("{FAE04EC0-301F-11D3-BF4B-00C04F79EFBC}") = "Uniftec.ProjetoWeb.SocialTec.Api", "Uniftec.ProjetoWeb.SocialTec.Api\Uniftec.ProjetoWeb.SocialTec.Api.csproj", "{960EC5BA-7EFE-44AE-A5DD-6D9977EC8225}"
EndProject
Global
	GlobalSection(SolutionConfigurationPlatforms) = preSolution
		Debug|Any CPU = Debug|Any CPU
		Release|Any CPU = Release|Any CPU
	EndGlobalSection
	GlobalSection(ProjectConfigurationPlatforms) = postSolution
		{960EC5BA-7EFE-44AE-A5DD-6D9977EC8225}.Debug|Any CPU.ActiveCfg = Debug|Any CPU
		{960EC5BA-7EFE-44AE-A5DD-6D9977EC8225}.Debug|Any CPU.Build.0 = Debug|Any CPU
		{960EC5BA-7EFE-44AE-A5DD-6D9977EC8225}.Release|Any CPU.ActiveCfg = Release|Any CPU
		{960EC5BA-7EFE-44AE-A5DD-6D9977EC8225}.Release|Any CPU.Build.0 = Release|Any CPU
	EndGlobalSection
	GlobalSection(SolutionProperties) = preSolution
		HideSolutionNode = FALSE
	EndGlobalSection
	GlobalSection(ExtensibilityGlobals) = postSolution
		SolutionGuid = {48ED5CF1-5B38-49B8-B7DE-C64DC87A621A}
	EndGlobalSection
EndGlobal
